
Microsoft Visual Studio Solution File, Format Version 12.00
# Visual Studio 15
VisualStudioVersion = 15.0.27130.2026
MinimumVisualStudioVersion = 10.0.40219.1
Project("{FAE04EC0-301F-11D3-BF4B-00C04F79EFBC}") = "CloudCoinCsharpSDK", "CloudCoinCsharpSDK.csproj", "{60ED3796-4720-4A33-AF22-59E3D6C35C80}"
EndProject
Global
	GlobalSection(SolutionConfigurationPlatforms) = preSolution
		Debug|Any CPU = Debug|Any CPU
		Release|Any CPU = Release|Any CPU
	EndGlobalSection
	GlobalSection(ProjectConfigurationPlatforms) = postSolution
		{60ED3796-4720-4A33-AF22-59E3D6C35C80}.Debug|Any CPU.ActiveCfg = Debug|Any CPU
		{60ED3796-4720-4A33-AF22-59E3D6C35C80}.Debug|Any CPU.Build.0 = Debug|Any CPU
		{60ED3796-4720-4A33-AF22-59E3D6C35C80}.Release|Any CPU.ActiveCfg = Release|Any CPU
		{60ED3796-4720-4A33-AF22-59E3D6C35C80}.Release|Any CPU.Build.0 = Release|Any CPU
	EndGlobalSection
	GlobalSection(SolutionProperties) = preSolution
		HideSolutionNode = FALSE
	EndGlobalSection
	GlobalSection(ExtensibilityGlobals) = postSolution
		SolutionGuid = {206C4FA5-49BF-40C8-87F3-EF1DADA2BB1B}
	EndGlobalSection
EndGlobal
